// !$*UTF8*$!
{
	archiveVersion = 1;
	classes = {
	};
	objectVersion = 50;
	objects = {

/* Begin PBXBuildFile section */
		04A05102272FE7A400FCD02D /* HomeViewController.swift in Sources */ = {isa = PBXBuildFile; fileRef = 04A05101272FE7A400FCD02D /* HomeViewController.swift */; };
		04A0510627328AF400FCD02D /* ProductListViewController.swift in Sources */ = {isa = PBXBuildFile; fileRef = 04A0510527328AF400FCD02D /* ProductListViewController.swift */; };
		04A051082732923400FCD02D /* ProductTableViewCell.swift in Sources */ = {isa = PBXBuildFile; fileRef = 04A051072732923400FCD02D /* ProductTableViewCell.swift */; };
		04CF84CC272C14D2005A69D7 /* LoginVeiwController.swift in Sources */ = {isa = PBXBuildFile; fileRef = 04CF84CB272C14D2005A69D7 /* LoginVeiwController.swift */; };
		04CF84CE272C15AF005A69D7 /* SettingViewController.swift in Sources */ = {isa = PBXBuildFile; fileRef = 04CF84CD272C15AF005A69D7 /* SettingViewController.swift */; };
		04F39FF4272BF261001F03CC /* AppDelegate.swift in Sources */ = {isa = PBXBuildFile; fileRef = 04F39FF3272BF261001F03CC /* AppDelegate.swift */; };
		04F39FF6272BF261001F03CC /* SceneDelegate.swift in Sources */ = {isa = PBXBuildFile; fileRef = 04F39FF5272BF261001F03CC /* SceneDelegate.swift */; };
		04F39FF8272BF261001F03CC /* ViewController.swift in Sources */ = {isa = PBXBuildFile; fileRef = 04F39FF7272BF261001F03CC /* ViewController.swift */; };
		04F39FFB272BF261001F03CC /* Main.storyboard in Resources */ = {isa = PBXBuildFile; fileRef = 04F39FF9272BF261001F03CC /* Main.storyboard */; };
		04F39FFD272BF264001F03CC /* Assets.xcassets in Resources */ = {isa = PBXBuildFile; fileRef = 04F39FFC272BF264001F03CC /* Assets.xcassets */; };
		04F3A000272BF264001F03CC /* LaunchScreen.storyboard in Resources */ = {isa = PBXBuildFile; fileRef = 04F39FFE272BF264001F03CC /* LaunchScreen.storyboard */; };
		04F3A00B272BF264001F03CC /* LoginAppTests.swift in Sources */ = {isa = PBXBuildFile; fileRef = 04F3A00A272BF264001F03CC /* LoginAppTests.swift */; };
		04F3A016272BF264001F03CC /* LoginAppUITests.swift in Sources */ = {isa = PBXBuildFile; fileRef = 04F3A015272BF264001F03CC /* LoginAppUITests.swift */; };
/* End PBXBuildFile section */

/* Begin PBXContainerItemProxy section */
		04F3A007272BF264001F03CC /* PBXContainerItemProxy */ = {
			isa = PBXContainerItemProxy;
			containerPortal = 04F39FE8272BF261001F03CC /* Project object */;
			proxyType = 1;
			remoteGlobalIDString = 04F39FEF272BF261001F03CC;
			remoteInfo = LoginApp;
		};
		04F3A012272BF264001F03CC /* PBXContainerItemProxy */ = {
			isa = PBXContainerItemProxy;
			containerPortal = 04F39FE8272BF261001F03CC /* Project object */;
			proxyType = 1;
			remoteGlobalIDString = 04F39FEF272BF261001F03CC;
			remoteInfo = LoginApp;
		};
/* End PBXContainerItemProxy section */

/* Begin PBXFileReference section */
		04A05101272FE7A400FCD02D /* HomeViewController.swift */ = {isa = PBXFileReference; lastKnownFileType = sourcecode.swift; path = HomeViewController.swift; sourceTree = "<group>"; };
		04A0510527328AF400FCD02D /* ProductListViewController.swift */ = {isa = PBXFileReference; lastKnownFileType = sourcecode.swift; path = ProductListViewController.swift; sourceTree = "<group>"; };
		04A051072732923400FCD02D /* ProductTableViewCell.swift */ = {isa = PBXFileReference; lastKnownFileType = sourcecode.swift; path = ProductTableViewCell.swift; sourceTree = "<group>"; };
		04CF84CB272C14D2005A69D7 /* LoginVeiwController.swift */ = {isa = PBXFileReference; lastKnownFileType = sourcecode.swift; path = LoginVeiwController.swift; sourceTree = "<group>"; };
		04CF84CD272C15AF005A69D7 /* SettingViewController.swift */ = {isa = PBXFileReference; lastKnownFileType = sourcecode.swift; path = SettingViewController.swift; sourceTree = "<group>"; };
		04F39FF0272BF261001F03CC /* LoginApp.app */ = {isa = PBXFileReference; explicitFileType = wrapper.application; includeInIndex = 0; path = LoginApp.app; sourceTree = BUILT_PRODUCTS_DIR; };
		04F39FF3272BF261001F03CC /* AppDelegate.swift */ = {isa = PBXFileReference; lastKnownFileType = sourcecode.swift; path = AppDelegate.swift; sourceTree = "<group>"; };
		04F39FF5272BF261001F03CC /* SceneDelegate.swift */ = {isa = PBXFileReference; lastKnownFileType = sourcecode.swift; path = SceneDelegate.swift; sourceTree = "<group>"; };
		04F39FF7272BF261001F03CC /* ViewController.swift */ = {isa = PBXFileReference; lastKnownFileType = sourcecode.swift; path = ViewController.swift; sourceTree = "<group>"; };
		04F39FFA272BF261001F03CC /* Base */ = {isa = PBXFileReference; lastKnownFileType = file.storyboard; name = Base; path = Base.lproj/Main.storyboard; sourceTree = "<group>"; };
		04F39FFC272BF264001F03CC /* Assets.xcassets */ = {isa = PBXFileReference; lastKnownFileType = folder.assetcatalog; path = Assets.xcassets; sourceTree = "<group>"; };
		04F39FFF272BF264001F03CC /* Base */ = {isa = PBXFileReference; lastKnownFileType = file.storyboard; name = Base; path = Base.lproj/LaunchScreen.storyboard; sourceTree = "<group>"; };
		04F3A001272BF264001F03CC /* Info.plist */ = {isa = PBXFileReference; lastKnownFileType = text.plist.xml; path = Info.plist; sourceTree = "<group>"; };
		04F3A006272BF264001F03CC /* LoginAppTests.xctest */ = {isa = PBXFileReference; explicitFileType = wrapper.cfbundle; includeInIndex = 0; path = LoginAppTests.xctest; sourceTree = BUILT_PRODUCTS_DIR; };
		04F3A00A272BF264001F03CC /* LoginAppTests.swift */ = {isa = PBXFileReference; lastKnownFileType = sourcecode.swift; path = LoginAppTests.swift; sourceTree = "<group>"; };
		04F3A00C272BF264001F03CC /* Info.plist */ = {isa = PBXFileReference; lastKnownFileType = text.plist.xml; path = Info.plist; sourceTree = "<group>"; };
		04F3A011272BF264001F03CC /* LoginAppUITests.xctest */ = {isa = PBXFileReference; explicitFileType = wrapper.cfbundle; includeInIndex = 0; path = LoginAppUITests.xctest; sourceTree = BUILT_PRODUCTS_DIR; };
		04F3A015272BF264001F03CC /* LoginAppUITests.swift */ = {isa = PBXFileReference; lastKnownFileType = sourcecode.swift; path = LoginAppUITests.swift; sourceTree = "<group>"; };
		04F3A017272BF264001F03CC /* Info.plist */ = {isa = PBXFileReference; lastKnownFileType = text.plist.xml; path = Info.plist; sourceTree = "<group>"; };
/* End PBXFileReference section */

/* Begin PBXFrameworksBuildPhase section */
		04F39FED272BF261001F03CC /* Frameworks */ = {
			isa = PBXFrameworksBuildPhase;
			buildActionMask = 2147483647;
			files = (
			);
			runOnlyForDeploymentPostprocessing = 0;
		};
		04F3A003272BF264001F03CC /* Frameworks */ = {
			isa = PBXFrameworksBuildPhase;
			buildActionMask = 2147483647;
			files = (
			);
			runOnlyForDeploymentPostprocessing = 0;
		};
		04F3A00E272BF264001F03CC /* Frameworks */ = {
			isa = PBXFrameworksBuildPhase;
			buildActionMask = 2147483647;
			files = (
			);
			runOnlyForDeploymentPostprocessing = 0;
		};
/* End PBXFrameworksBuildPhase section */

/* Begin PBXGroup section */
		04F39FE7272BF261001F03CC = {
			isa = PBXGroup;
			children = (
				04F39FF2272BF261001F03CC /* LoginApp */,
				04F3A009272BF264001F03CC /* LoginAppTests */,
				04F3A014272BF264001F03CC /* LoginAppUITests */,
				04F39FF1272BF261001F03CC /* Products */,
			);
			sourceTree = "<group>";
		};
		04F39FF1272BF261001F03CC /* Products */ = {
			isa = PBXGroup;
			children = (
				04F39FF0272BF261001F03CC /* LoginApp.app */,
				04F3A006272BF264001F03CC /* LoginAppTests.xctest */,
				04F3A011272BF264001F03CC /* LoginAppUITests.xctest */,
			);
			name = Products;
			sourceTree = "<group>";
		};
		04F39FF2272BF261001F03CC /* LoginApp */ = {
			isa = PBXGroup;
			children = (
				04F39FF3272BF261001F03CC /* AppDelegate.swift */,
				04F39FF5272BF261001F03CC /* SceneDelegate.swift */,
				04A05101272FE7A400FCD02D /* HomeViewController.swift */,
				04F39FF7272BF261001F03CC /* ViewController.swift */,
				04CF84CB272C14D2005A69D7 /* LoginVeiwController.swift */,
				04CF84CD272C15AF005A69D7 /* SettingViewController.swift */,
				04A0510527328AF400FCD02D /* ProductListViewController.swift */,
				04A051072732923400FCD02D /* ProductTableViewCell.swift */,
				04F39FF9272BF261001F03CC /* Main.storyboard */,
				04F39FFC272BF264001F03CC /* Assets.xcassets */,
				04F39FFE272BF264001F03CC /* LaunchScreen.storyboard */,
				04F3A001272BF264001F03CC /* Info.plist */,
			);
			path = LoginApp;
			sourceTree = "<group>";
		};
		04F3A009272BF264001F03CC /* LoginAppTests */ = {
			isa = PBXGroup;
			children = (
				04F3A00A272BF264001F03CC /* LoginAppTests.swift */,
				04F3A00C272BF264001F03CC /* Info.plist */,
			);
			path = LoginAppTests;
			sourceTree = "<group>";
		};
		04F3A014272BF264001F03CC /* LoginAppUITests */ = {
			isa = PBXGroup;
			children = (
				04F3A015272BF264001F03CC /* LoginAppUITests.swift */,
				04F3A017272BF264001F03CC /* Info.plist */,
			);
			path = LoginAppUITests;
			sourceTree = "<group>";
		};
/* End PBXGroup section */

/* Begin PBXNativeTarget section */
		04F39FEF272BF261001F03CC /* LoginApp */ = {
			isa = PBXNativeTarget;
			buildConfigurationList = 04F3A01A272BF264001F03CC /* Build configuration list for PBXNativeTarget "LoginApp" */;
			buildPhases = (
				04F39FEC272BF261001F03CC /* Sources */,
				04F39FED272BF261001F03CC /* Frameworks */,
				04F39FEE272BF261001F03CC /* Resources */,
			);
			buildRules = (
			);
			dependencies = (
			);
			name = LoginApp;
			productName = LoginApp;
			productReference = 04F39FF0272BF261001F03CC /* LoginApp.app */;
			productType = "com.apple.product-type.application";
		};
		04F3A005272BF264001F03CC /* LoginAppTests */ = {
			isa = PBXNativeTarget;
			buildConfigurationList = 04F3A01D272BF264001F03CC /* Build configuration list for PBXNativeTarget "LoginAppTests" */;
			buildPhases = (
				04F3A002272BF264001F03CC /* Sources */,
				04F3A003272BF264001F03CC /* Frameworks */,
				04F3A004272BF264001F03CC /* Resources */,
			);
			buildRules = (
			);
			dependencies = (
				04F3A008272BF264001F03CC /* PBXTargetDependency */,
			);
			name = LoginAppTests;
			productName = LoginAppTests;
			productReference = 04F3A006272BF264001F03CC /* LoginAppTests.xctest */;
			productType = "com.apple.product-type.bundle.unit-test";
		};
		04F3A010272BF264001F03CC /* LoginAppUITests */ = {
			isa = PBXNativeTarget;
			buildConfigurationList = 04F3A020272BF264001F03CC /* Build configuration list for PBXNativeTarget "LoginAppUITests" */;
			buildPhases = (
				04F3A00D272BF264001F03CC /* Sources */,
				04F3A00E272BF264001F03CC /* Frameworks */,
				04F3A00F272BF264001F03CC /* Resources */,
			);
			buildRules = (
			);
			dependencies = (
				04F3A013272BF264001F03CC /* PBXTargetDependency */,
			);
			name = LoginAppUITests;
			productName = LoginAppUITests;
			productReference = 04F3A011272BF264001F03CC /* LoginAppUITests.xctest */;
			productType = "com.apple.product-type.bundle.ui-testing";
		};
/* End PBXNativeTarget section */

/* Begin PBXProject section */
		04F39FE8272BF261001F03CC /* Project object */ = {
			isa = PBXProject;
			attributes = {
				LastSwiftUpdateCheck = 1250;
				LastUpgradeCheck = 1250;
				TargetAttributes = {
					04F39FEF272BF261001F03CC = {
						CreatedOnToolsVersion = 12.5;
					};
					04F3A005272BF264001F03CC = {
						CreatedOnToolsVersion = 12.5;
						TestTargetID = 04F39FEF272BF261001F03CC;
					};
					04F3A010272BF264001F03CC = {
						CreatedOnToolsVersion = 12.5;
						TestTargetID = 04F39FEF272BF261001F03CC;
					};
				};
			};
			buildConfigurationList = 04F39FEB272BF261001F03CC /* Build configuration list for PBXProject "LoginApp" */;
			compatibilityVersion = "Xcode 9.3";
			developmentRegion = en;
			hasScannedForEncodings = 0;
			knownRegions = (
				en,
				Base,
			);
			mainGroup = 04F39FE7272BF261001F03CC;
			productRefGroup = 04F39FF1272BF261001F03CC /* Products */;
			projectDirPath = "";
			projectRoot = "";
			targets = (
				04F39FEF272BF261001F03CC /* LoginApp */,
				04F3A005272BF264001F03CC /* LoginAppTests */,
				04F3A010272BF264001F03CC /* LoginAppUITests */,
			);
		};
/* End PBXProject section */

/* Begin PBXResourcesBuildPhase section */
		04F39FEE272BF261001F03CC /* Resources */ = {
			isa = PBXResourcesBuildPhase;
			buildActionMask = 2147483647;
			files = (
				04F3A000272BF264001F03CC /* LaunchScreen.storyboard in Resources */,
				04F39FFD272BF264001F03CC /* Assets.xcassets in Resources */,
				04F39FFB272BF261001F03CC /* Main.storyboard in Resources */,
			);
			runOnlyForDeploymentPostprocessing = 0;
		};
		04F3A004272BF264001F03CC /* Resources */ = {
			isa = PBXResourcesBuildPhase;
			buildActionMask = 2147483647;
			files = (
			);
			runOnlyForDeploymentPostprocessing = 0;
		};
		04F3A00F272BF264001F03CC /* Resources */ = {
			isa = PBXResourcesBuildPhase;
			buildActionMask = 2147483647;
			files = (
			);
			runOnlyForDeploymentPostprocessing = 0;
		};
/* End PBXResourcesBuildPhase section */

/* Begin PBXSourcesBuildPhase section */
		04F39FEC272BF261001F03CC /* Sources */ = {
			isa = PBXSourcesBuildPhase;
			buildActionMask = 2147483647;
			files = (
				04CF84CE272C15AF005A69D7 /* SettingViewController.swift in Sources */,
				04A051082732923400FCD02D /* ProductTableViewCell.swift in Sources */,
				04CF84CC272C14D2005A69D7 /* LoginVeiwController.swift in Sources */,
				04A0510627328AF400FCD02D /* ProductListViewController.swift in Sources */,
				04F39FF8272BF261001F03CC /* ViewController.swift in Sources */,
				04F39FF4272BF261001F03CC /* AppDelegate.swift in Sources */,
				04F39FF6272BF261001F03CC /* SceneDelegate.swift in Sources */,
				04A05102272FE7A400FCD02D /* HomeViewController.swift in Sources */,
			);
			runOnlyForDeploymentPostprocessing = 0;
		};
		04F3A002272BF264001F03CC /* Sources */ = {
			isa = PBXSourcesBuildPhase;
			buildActionMask = 2147483647;
			files = (
				04F3A00B272BF264001F03CC /* LoginAppTests.swift in Sources */,
			);
			runOnlyForDeploymentPostprocessing = 0;
		};
		04F3A00D272BF264001F03CC /* Sources */ = {
			isa = PBXSourcesBuildPhase;
			buildActionMask = 2147483647;
			files = (
				04F3A016272BF264001F03CC /* LoginAppUITests.swift in Sources */,
			);
			runOnlyForDeploymentPostprocessing = 0;
		};
/* End PBXSourcesBuildPhase section */

/* Begin PBXTargetDependency section */
		04F3A008272BF264001F03CC /* PBXTargetDependency */ = {
			isa = PBXTargetDependency;
			target = 04F39FEF272BF261001F03CC /* LoginApp */;
			targetProxy = 04F3A007272BF264001F03CC /* PBXContainerItemProxy */;
		};
		04F3A013272BF264001F03CC /* PBXTargetDependency */ = {
			isa = PBXTargetDependency;
			target = 04F39FEF272BF261001F03CC /* LoginApp */;
			targetProxy = 04F3A012272BF264001F03CC /* PBXContainerItemProxy */;
		};
/* End PBXTargetDependency section */

/* Begin PBXVariantGroup section */
		04F39FF9272BF261001F03CC /* Main.storyboard */ = {
			isa = PBXVariantGroup;
			children = (
				04F39FFA272BF261001F03CC /* Base */,
			);
			name = Main.storyboard;
			sourceTree = "<group>";
		};
		04F39FFE272BF264001F03CC /* LaunchScreen.storyboard */ = {
			isa = PBXVariantGroup;
			children = (
				04F39FFF272BF264001F03CC /* Base */,
			);
			name = LaunchScreen.storyboard;
			sourceTree = "<group>";
		};
/* End PBXVariantGroup section */

/* Begin XCBuildConfiguration section */
		04F3A018272BF264001F03CC /* Debug */ = {
			isa = XCBuildConfiguration;
			buildSettings = {
				ALWAYS_SEARCH_USER_PATHS = NO;
				CLANG_ANALYZER_NONNULL = YES;
				CLANG_ANALYZER_NUMBER_OBJECT_CONVERSION = YES_AGGRESSIVE;
				CLANG_CXX_LANGUAGE_STANDARD = "gnu++14";
				CLANG_CXX_LIBRARY = "libc++";
				CLANG_ENABLE_MODULES = YES;
				CLANG_ENABLE_OBJC_ARC = YES;
				CLANG_ENABLE_OBJC_WEAK = YES;
				CLANG_WARN_BLOCK_CAPTURE_AUTORELEASING = YES;
				CLANG_WARN_BOOL_CONVERSION = YES;
				CLANG_WARN_COMMA = YES;
				CLANG_WARN_CONSTANT_CONVERSION = YES;
				CLANG_WARN_DEPRECATED_OBJC_IMPLEMENTATIONS = YES;
				CLANG_WARN_DIRECT_OBJC_ISA_USAGE = YES_ERROR;
				CLANG_WARN_DOCUMENTATION_COMMENTS = YES;
				CLANG_WARN_EMPTY_BODY = YES;
				CLANG_WARN_ENUM_CONVERSION = YES;
				CLANG_WARN_INFINITE_RECURSION = YES;
				CLANG_WARN_INT_CONVERSION = YES;
				CLANG_WARN_NON_LITERAL_NULL_CONVERSION = YES;
				CLANG_WARN_OBJC_IMPLICIT_RETAIN_SELF = YES;
				CLANG_WARN_OBJC_LITERAL_CONVERSION = YES;
				CLANG_WARN_OBJC_ROOT_CLASS = YES_ERROR;
				CLANG_WARN_QUOTED_INCLUDE_IN_FRAMEWORK_HEADER = YES;
				CLANG_WARN_RANGE_LOOP_ANALYSIS = YES;
				CLANG_WARN_STRICT_PROTOTYPES = YES;
				CLANG_WARN_SUSPICIOUS_MOVE = YES;
				CLANG_WARN_UNGUARDED_AVAILABILITY = YES_AGGRESSIVE;
				CLANG_WARN_UNREACHABLE_CODE = YES;
				CLANG_WARN__DUPLICATE_METHOD_MATCH = YES;
				COPY_PHASE_STRIP = NO;
				DEBUG_INFORMATION_FORMAT = dwarf;
				ENABLE_STRICT_OBJC_MSGSEND = YES;
				ENABLE_TESTABILITY = YES;
				GCC_C_LANGUAGE_STANDARD = gnu11;
				GCC_DYNAMIC_NO_PIC = NO;
				GCC_NO_COMMON_BLOCKS = YES;
				GCC_OPTIMIZATION_LEVEL = 0;
				GCC_PREPROCESSOR_DEFINITIONS = (
					"DEBUG=1",
					"$(inherited)",
				);
				GCC_WARN_64_TO_32_BIT_CONVERSION = YES;
				GCC_WARN_ABOUT_RETURN_TYPE = YES_ERROR;
				GCC_WARN_UNDECLARED_SELECTOR = YES;
				GCC_WARN_UNINITIALIZED_AUTOS = YES_AGGRESSIVE;
				GCC_WARN_UNUSED_FUNCTION = YES;
				GCC_WARN_UNUSED_VARIABLE = YES;
				IPHONEOS_DEPLOYMENT_TARGET = 13.0;
				MTL_ENABLE_DEBUG_INFO = INCLUDE_SOURCE;
				MTL_FAST_MATH = YES;
				ONLY_ACTIVE_ARCH = NO;
				SDKROOT = iphoneos;
				SWIFT_ACTIVE_COMPILATION_CONDITIONS = DEBUG;
				SWIFT_OPTIMIZATION_LEVEL = "-Onone";
			};
			name = Debug;
		};
		04F3A019272BF264001F03CC /* Release */ = {
			isa = XCBuildConfiguration;
			buildSettings = {
				ALWAYS_SEARCH_USER_PATHS = NO;
				CLANG_ANALYZER_NONNULL = YES;
				CLANG_ANALYZER_NUMBER_OBJECT_CONVERSION = YES_AGGRESSIVE;
				CLANG_CXX_LANGUAGE_STANDARD = "gnu++14";
				CLANG_CXX_LIBRARY = "libc++";
				CLANG_ENABLE_MODULES = YES;
				CLANG_ENABLE_OBJC_ARC = YES;
				CLANG_ENABLE_OBJC_WEAK = YES;
				CLANG_WARN_BLOCK_CAPTURE_AUTORELEASING = YES;
				CLANG_WARN_BOOL_CONVERSION = YES;
				CLANG_WARN_COMMA = YES;
				CLANG_WARN_CONSTANT_CONVERSION = YES;
				CLANG_WARN_DEPRECATED_OBJC_IMPLEMENTATIONS = YES;
				CLANG_WARN_DIRECT_OBJC_ISA_USAGE = YES_ERROR;
				CLANG_WARN_DOCUMENTATION_COMMENTS = YES;
				CLANG_WARN_EMPTY_BODY = YES;
				CLANG_WARN_ENUM_CONVERSION = YES;
				CLANG_WARN_INFINITE_RECURSION = YES;
				CLANG_WARN_INT_CONVERSION = YES;
				CLANG_WARN_NON_LITERAL_NULL_CONVERSION = YES;
				CLANG_WARN_OBJC_IMPLICIT_RETAIN_SELF = YES;
				CLANG_WARN_OBJC_LITERAL_CONVERSION = YES;
				CLANG_WARN_OBJC_ROOT_CLASS = YES_ERROR;
				CLANG_WARN_QUOTED_INCLUDE_IN_FRAMEWORK_HEADER = YES;
				CLANG_WARN_RANGE_LOOP_ANALYSIS = YES;
				CLANG_WARN_STRICT_PROTOTYPES = YES;
				CLANG_WARN_SUSPICIOUS_MOVE = YES;
				CLANG_WARN_UNGUARDED_AVAILABILITY = YES_AGGRESSIVE;
				CLANG_WARN_UNREACHABLE_CODE = YES;
				CLANG_WARN__DUPLICATE_METHOD_MATCH = YES;
				COPY_PHASE_STRIP = NO;
				DEBUG_INFORMATION_FORMAT = "dwarf-with-dsym";
				ENABLE_NS_ASSERTIONS = NO;
				ENABLE_STRICT_OBJC_MSGSEND = YES;
				GCC_C_LANGUAGE_STANDARD = gnu11;
				GCC_NO_COMMON_BLOCKS = YES;
				GCC_WARN_64_TO_32_BIT_CONVERSION = YES;
				GCC_WARN_ABOUT_RETURN_TYPE = YES_ERROR;
				GCC_WARN_UNDECLARED_SELECTOR = YES;
				GCC_WARN_UNINITIALIZED_AUTOS = YES_AGGRESSIVE;
				GCC_WARN_UNUSED_FUNCTION = YES;
				GCC_WARN_UNUSED_VARIABLE = YES;
				IPHONEOS_DEPLOYMENT_TARGET = 13.0;
				MTL_ENABLE_DEBUG_INFO = NO;
				MTL_FAST_MATH = YES;
				ONLY_ACTIVE_ARCH = NO;
				SDKROOT = iphoneos;
				SWIFT_COMPILATION_MODE = wholemodule;
				SWIFT_OPTIMIZATION_LEVEL = "-O";
				VALIDATE_PRODUCT = YES;
			};
			name = Release;
		};
		04F3A01B272BF264001F03CC /* Debug */ = {
			isa = XCBuildConfiguration;
			buildSettings = {
				ASSETCATALOG_COMPILER_APPICON_NAME = AppIcon;
				ASSETCATALOG_COMPILER_GLOBAL_ACCENT_COLOR_NAME = AccentColor;
				CODE_SIGN_STYLE = Automatic;
				CURRENT_PROJECT_VERSION = 1;
				INFOPLIST_FILE = LoginApp/Info.plist;
				LD_RUNPATH_SEARCH_PATHS = (
					"$(inherited)",
					"@executable_path/Frameworks",
				);
				MARKETING_VERSION = 1.0.1;
				PRODUCT_BUNDLE_IDENTIFIER = com.it.tae.training.LoginApp;
				PRODUCT_NAME = "$(TARGET_NAME)";
				SWIFT_VERSION = 5.0;
				TARGETED_DEVICE_FAMILY = "1,2";
			};
			name = Debug;
		};
		04F3A01C272BF264001F03CC /* Release */ = {
			isa = XCBuildConfiguration;
			buildSettings = {
				ASSETCATALOG_COMPILER_APPICON_NAME = AppIcon;
				ASSETCATALOG_COMPILER_GLOBAL_ACCENT_COLOR_NAME = AccentColor;
				CODE_SIGN_STYLE = Automatic;
				CURRENT_PROJECT_VERSION = 1;
				INFOPLIST_FILE = LoginApp/Info.plist;
				LD_RUNPATH_SEARCH_PATHS = (
					"$(inherited)",
					"@executable_path/Frameworks",
				);
				MARKETING_VERSION = 1.0.1;
				PRODUCT_BUNDLE_IDENTIFIER = com.it.tae.training.LoginApp;
				PRODUCT_NAME = "$(TARGET_NAME)";
				SWIFT_VERSION = 5.0;
				TARGETED_DEVICE_FAMILY = "1,2";
			};
			name = Release;
		};
		04F3A01E272BF264001F03CC /* Debug */ = {
			isa = XCBuildConfiguration;
			buildSettings = {
				ALWAYS_EMBED_SWIFT_STANDARD_LIBRARIES = YES;
				BUNDLE_LOADER = "$(TEST_HOST)";
				CODE_SIGN_STYLE = Automatic;
				INFOPLIST_FILE = LoginAppTests/Info.plist;
				IPHONEOS_DEPLOYMENT_TARGET = 14.5;
				LD_RUNPATH_SEARCH_PATHS = (
					"$(inherited)",
					"@executable_path/Frameworks",
					"@loader_path/Frameworks",
				);
				PRODUCT_BUNDLE_IDENTIFIER = com.it.tae.training.LoginAppTests;
				PRODUCT_NAME = "$(TARGET_NAME)";
				SWIFT_VERSION = 5.0;
				TARGETED_DEVICE_FAMILY = "1,2";
				TEST_HOST = "$(BUILT_PRODUCTS_DIR)/LoginApp.app/LoginApp";
			};
			name = Debug;
		};
		04F3A01F272BF264001F03CC /* Release */ = {
			isa = XCBuildConfiguration;
			buildSettings = {
				ALWAYS_EMBED_SWIFT_STANDARD_LIBRARIES = YES;
				BUNDLE_LOADER = "$(TEST_HOST)";
				CODE_SIGN_STYLE = Automatic;
				INFOPLIST_FILE = LoginAppTests/Info.plist;
				IPHONEOS_DEPLOYMENT_TARGET = 14.5;
				LD_RUNPATH_SEARCH_PATHS = (
					"$(inherited)",
					"@executable_path/Frameworks",
					"@loader_path/Frameworks",
				);
				PRODUCT_BUNDLE_IDENTIFIER = com.it.tae.training.LoginAppTests;
				PRODUCT_NAME = "$(TARGET_NAME)";
				SWIFT_VERSION = 5.0;
				TARGETED_DEVICE_FAMILY = "1,2";
				TEST_HOST = "$(BUILT_PRODUCTS_DIR)/LoginApp.app/LoginApp";
			};
			name = Release;
		};
		04F3A021272BF264001F03CC /* Debug */ = {
			isa = XCBuildConfiguration;
			buildSettings = {
				ALWAYS_EMBED_SWIFT_STANDARD_LIBRARIES = YES;
				CODE_SIGN_STYLE = Automatic;
				INFOPLIST_FILE = LoginAppUITests/Info.plist;
				LD_RUNPATH_SEARCH_PATHS = (
					"$(inherited)",
					"@executable_path/Frameworks",
					"@loader_path/Frameworks",
				);
				PRODUCT_BUNDLE_IDENTIFIER = com.it.tae.training.LoginAppUITests;
				PRODUCT_NAME = "$(TARGET_NAME)";
				SWIFT_VERSION = 5.0;
				TARGETED_DEVICE_FAMILY = "1,2";
				TEST_TARGET_NAME = LoginApp;
			};
			name = Debug;
		};
		04F3A022272BF264001F03CC /* Release */ = {
			isa = XCBuildConfiguration;
			buildSettings = {
				ALWAYS_EMBED_SWIFT_STANDARD_LIBRARIES = YES;
				CODE_SIGN_STYLE = Automatic;
				INFOPLIST_FILE = LoginAppUITests/Info.plist;
				LD_RUNPATH_SEARCH_PATHS = (
					"$(inherited)",
					"@executable_path/Frameworks",
					"@loader_path/Frameworks",
				);
				PRODUCT_BUNDLE_IDENTIFIER = com.it.tae.training.LoginAppUITests;
				PRODUCT_NAME = "$(TARGET_NAME)";
				SWIFT_VERSION = 5.0;
				TARGETED_DEVICE_FAMILY = "1,2";
				TEST_TARGET_NAME = LoginApp;
			};
			name = Release;
		};
/* End XCBuildConfiguration section */

/* Begin XCConfigurationList section */
		04F39FEB272BF261001F03CC /* Build configuration list for PBXProject "LoginApp" */ = {
			isa = XCConfigurationList;
			buildConfigurations = (
				04F3A018272BF264001F03CC /* Debug */,
				04F3A019272BF264001F03CC /* Release */,
			);
			defaultConfigurationIsVisible = 0;
			defaultConfigurationName = Release;
		};
		04F3A01A272BF264001F03CC /* Build configuration list for PBXNativeTarget "LoginApp" */ = {
			isa = XCConfigurationList;
			buildConfigurations = (
				04F3A01B272BF264001F03CC /* Debug */,
				04F3A01C272BF264001F03CC /* Release */,
			);
			defaultConfigurationIsVisible = 0;
			defaultConfigurationName = Release;
		};
		04F3A01D272BF264001F03CC /* Build configuration list for PBXNativeTarget "LoginAppTests" */ = {
			isa = XCConfigurationList;
			buildConfigurations = (
				04F3A01E272BF264001F03CC /* Debug */,
				04F3A01F272BF264001F03CC /* Release */,
			);
			defaultConfigurationIsVisible = 0;
			defaultConfigurationName = Release;
		};
		04F3A020272BF264001F03CC /* Build configuration list for PBXNativeTarget "LoginAppUITests" */ = {
			isa = XCConfigurationList;
			buildConfigurations = (
				04F3A021272BF264001F03CC /* Debug */,
				04F3A022272BF264001F03CC /* Release */,
			);
			defaultConfigurationIsVisible = 0;
			defaultConfigurationName = Release;
		};
/* End XCConfigurationList section */
	};
	rootObject = 04F39FE8272BF261001F03CC /* Project object */;
}
